
Microsoft Visual Studio Solution File, Format Version 12.00
# Visual Studio Version 17
VisualStudioVersion = 17.6.33815.320
MinimumVisualStudioVersion = 10.0.40219.1
Project("{FAE04EC0-301F-11D3-BF4B-00C04F79EFBC}") = "HashSet", "HashSet.csproj", "{4298112D-F054-44BD-B982-6238D15CD9ED}"
EndProject
Global
	GlobalSection(SolutionConfigurationPlatforms) = preSolution
		Debug|Any CPU = Debug|Any CPU
		Release|Any CPU = Release|Any CPU
	EndGlobalSection
	GlobalSection(ProjectConfigurationPlatforms) = postSolution
		{4298112D-F054-44BD-B982-6238D15CD9ED}.Debug|Any CPU.ActiveCfg = Debug|Any CPU
		{4298112D-F054-44BD-B982-6238D15CD9ED}.Debug|Any CPU.Build.0 = Debug|Any CPU
		{4298112D-F054-44BD-B982-6238D15CD9ED}.Release|Any CPU.ActiveCfg = Release|Any CPU
		{4298112D-F054-44BD-B982-6238D15CD9ED}.Release|Any CPU.Build.0 = Release|Any CPU
	EndGlobalSection
	GlobalSection(SolutionProperties) = preSolution
		HideSolutionNode = FALSE
	EndGlobalSection
	GlobalSection(ExtensibilityGlobals) = postSolution
		SolutionGuid = {747113E8-B0C4-464A-832B-F49BA30F7257}
	EndGlobalSection
EndGlobal
